
Microsoft Visual Studio Solution File, Format Version 12.00
# Visual Studio Version 17
VisualStudioVersion = 17.0.31903.59
MinimumVisualStudioVersion = 10.0.40219.1
Project("{9A19103F-16F7-4668-BE54-9A1E7A4F7556}") = "Receive", "Receive\Receive.csproj", "{71C09B19-C3F8-4DF7-8E80-90FC7794F9BF}"
EndProject
Project("{9A19103F-16F7-4668-BE54-9A1E7A4F7556}") = "Send", "Send\Send.csproj", "{874DB8A8-71B3-43B9-9EBB-DB1C9C319BE6}"
EndProject
Project("{9A19103F-16F7-4668-BE54-9A1E7A4F7556}") = "Infrastructure", "Infrastructure\Infrastructure.csproj", "{5F101427-671E-46BE-92FF-7207D44FF230}"
EndProject
Project("{9A19103F-16F7-4668-BE54-9A1E7A4F7556}") = "Application", "Application\Application.csproj", "{E2E7CDF6-4EF9-49B8-B917-880D39D1409C}"
EndProject
Project("{9A19103F-16F7-4668-BE54-9A1E7A4F7556}") = "ServiceContract", "ServiceContract\ServiceContract.csproj", "{AEEB9EF6-6665-4F9B-A3C0-308FB4FC5CF3}"
EndProject
Project("{2150E333-8FDC-42A3-9474-1A3956D46DE8}") = "Compose", "Compose", "{60C59DFD-1D0E-4D40-8F05-2215BD9E0600}"
	ProjectSection(SolutionItems) = preProject
		Compose\docker-compose.yaml = Compose\docker-compose.yaml
	EndProjectSection
EndProject
Global
	GlobalSection(SolutionConfigurationPlatforms) = preSolution
		Debug|Any CPU = Debug|Any CPU
		Release|Any CPU = Release|Any CPU
	EndGlobalSection
	GlobalSection(ProjectConfigurationPlatforms) = postSolution
		{71C09B19-C3F8-4DF7-8E80-90FC7794F9BF}.Debug|Any CPU.ActiveCfg = Debug|Any CPU
		{71C09B19-C3F8-4DF7-8E80-90FC7794F9BF}.Debug|Any CPU.Build.0 = Debug|Any CPU
		{71C09B19-C3F8-4DF7-8E80-90FC7794F9BF}.Release|Any CPU.ActiveCfg = Release|Any CPU
		{71C09B19-C3F8-4DF7-8E80-90FC7794F9BF}.Release|Any CPU.Build.0 = Release|Any CPU
		{874DB8A8-71B3-43B9-9EBB-DB1C9C319BE6}.Debug|Any CPU.ActiveCfg = Debug|Any CPU
		{874DB8A8-71B3-43B9-9EBB-DB1C9C319BE6}.Debug|Any CPU.Build.0 = Debug|Any CPU
		{874DB8A8-71B3-43B9-9EBB-DB1C9C319BE6}.Release|Any CPU.ActiveCfg = Release|Any CPU
		{874DB8A8-71B3-43B9-9EBB-DB1C9C319BE6}.Release|Any CPU.Build.0 = Release|Any CPU
		{5F101427-671E-46BE-92FF-7207D44FF230}.Debug|Any CPU.ActiveCfg = Debug|Any CPU
		{5F101427-671E-46BE-92FF-7207D44FF230}.Debug|Any CPU.Build.0 = Debug|Any CPU
		{5F101427-671E-46BE-92FF-7207D44FF230}.Release|Any CPU.ActiveCfg = Release|Any CPU
		{5F101427-671E-46BE-92FF-7207D44FF230}.Release|Any CPU.Build.0 = Release|Any CPU
		{E2E7CDF6-4EF9-49B8-B917-880D39D1409C}.Debug|Any CPU.ActiveCfg = Debug|Any CPU
		{E2E7CDF6-4EF9-49B8-B917-880D39D1409C}.Debug|Any CPU.Build.0 = Debug|Any CPU
		{E2E7CDF6-4EF9-49B8-B917-880D39D1409C}.Release|Any CPU.ActiveCfg = Release|Any CPU
		{E2E7CDF6-4EF9-49B8-B917-880D39D1409C}.Release|Any CPU.Build.0 = Release|Any CPU
		{AEEB9EF6-6665-4F9B-A3C0-308FB4FC5CF3}.Debug|Any CPU.ActiveCfg = Debug|Any CPU
		{AEEB9EF6-6665-4F9B-A3C0-308FB4FC5CF3}.Debug|Any CPU.Build.0 = Debug|Any CPU
		{AEEB9EF6-6665-4F9B-A3C0-308FB4FC5CF3}.Release|Any CPU.ActiveCfg = Release|Any CPU
		{AEEB9EF6-6665-4F9B-A3C0-308FB4FC5CF3}.Release|Any CPU.Build.0 = Release|Any CPU
	EndGlobalSection
	GlobalSection(SolutionProperties) = preSolution
		HideSolutionNode = FALSE
	EndGlobalSection
	GlobalSection(ExtensibilityGlobals) = postSolution
		SolutionGuid = {E2C0C88A-7080-4722-AFAA-3F9C29B3C6AE}
	EndGlobalSection
EndGlobal
